
Microsoft Visual Studio Solution File, Format Version 12.00
# Visual Studio 15
Project("{FAE04EC0-301F-11D3-BF4B-00C04F79EFBC}") = "Assembly-CSharp", "Assembly-CSharp.csproj", "{E97C4D91-989C-25E9-D4FF-431F1C90FBFF}"
EndProject
Project("{FAE04EC0-301F-11D3-BF4B-00C04F79EFBC}") = "Assembly-CSharp-Editor", "Assembly-CSharp-Editor.csproj", "{EFE47DA5-DF81-084F-96A7-85EA7B45B834}"
EndProject
Global
	GlobalSection(SolutionConfigurationPlatforms) = preSolution
		Debug|Any CPU = Debug|Any CPU
		Release|Any CPU = Release|Any CPU
	EndGlobalSection
	GlobalSection(ProjectConfigurationPlatforms) = postSolution
		{E97C4D91-989C-25E9-D4FF-431F1C90FBFF}.Debug|Any CPU.ActiveCfg = Debug|Any CPU
		{E97C4D91-989C-25E9-D4FF-431F1C90FBFF}.Debug|Any CPU.Build.0 = Debug|Any CPU
		{E97C4D91-989C-25E9-D4FF-431F1C90FBFF}.Release|Any CPU.ActiveCfg = Release|Any CPU
		{E97C4D91-989C-25E9-D4FF-431F1C90FBFF}.Release|Any CPU.Build.0 = Release|Any CPU
		{EFE47DA5-DF81-084F-96A7-85EA7B45B834}.Debug|Any CPU.ActiveCfg = Debug|Any CPU
		{EFE47DA5-DF81-084F-96A7-85EA7B45B834}.Debug|Any CPU.Build.0 = Debug|Any CPU
		{EFE47DA5-DF81-084F-96A7-85EA7B45B834}.Release|Any CPU.ActiveCfg = Release|Any CPU
		{EFE47DA5-DF81-084F-96A7-85EA7B45B834}.Release|Any CPU.Build.0 = Release|Any CPU
	EndGlobalSection
	GlobalSection(SolutionProperties) = preSolution
		HideSolutionNode = FALSE
	EndGlobalSection
EndGlobal
